// !$*UTF8*$!
{
	archiveVersion = 1;
	classes = {
	};
	objectVersion = 50;
	objects = {

/* Begin PBXBuildFile section */
		4F2CD37623D79CC400FCD412 /* MapView.swift in Sources */ = {isa = PBXBuildFile; fileRef = 4F2CD37523D79CC400FCD412 /* MapView.swift */; };
		4F2E810423D78F2800F77816 /* AppDelegate.swift in Sources */ = {isa = PBXBuildFile; fileRef = 4F2E810323D78F2800F77816 /* AppDelegate.swift */; };
		4F2E810623D78F2800F77816 /* SceneDelegate.swift in Sources */ = {isa = PBXBuildFile; fileRef = 4F2E810523D78F2800F77816 /* SceneDelegate.swift */; };
		4F2E810823D78F2800F77816 /* ContentView.swift in Sources */ = {isa = PBXBuildFile; fileRef = 4F2E810723D78F2800F77816 /* ContentView.swift */; };
		4F2E810A23D78F2B00F77816 /* Assets.xcassets in Resources */ = {isa = PBXBuildFile; fileRef = 4F2E810923D78F2B00F77816 /* Assets.xcassets */; };
		4F2E810D23D78F2B00F77816 /* Preview Assets.xcassets in Resources */ = {isa = PBXBuildFile; fileRef = 4F2E810C23D78F2B00F77816 /* Preview Assets.xcassets */; };
		4F2E811023D78F2B00F77816 /* LaunchScreen.storyboard in Resources */ = {isa = PBXBuildFile; fileRef = 4F2E810E23D78F2B00F77816 /* LaunchScreen.storyboard */; };
		4F2E811823D795C300F77816 /* CircleImage.swift in Sources */ = {isa = PBXBuildFile; fileRef = 4F2E811723D795C300F77816 /* CircleImage.swift */; };
		4F61FB3623D7C7C900A3B8F1 /* AppView.swift in Sources */ = {isa = PBXBuildFile; fileRef = 4F61FB3523D7C7C900A3B8F1 /* AppView.swift */; };
		4F61FB3823D7CA7200A3B8F1 /* QAView.swift in Sources */ = {isa = PBXBuildFile; fileRef = 4F61FB3723D7CA7200A3B8F1 /* QAView.swift */; };
/* End PBXBuildFile section */

/* Begin PBXFileReference section */
		4F2CD37523D79CC400FCD412 /* MapView.swift */ = {isa = PBXFileReference; lastKnownFileType = sourcecode.swift; path = MapView.swift; sourceTree = "<group>"; };
		4F2E810023D78F2800F77816 /* AhmetKose.app */ = {isa = PBXFileReference; explicitFileType = wrapper.application; includeInIndex = 0; path = AhmetKose.app; sourceTree = BUILT_PRODUCTS_DIR; };
		4F2E810323D78F2800F77816 /* AppDelegate.swift */ = {isa = PBXFileReference; lastKnownFileType = sourcecode.swift; path = AppDelegate.swift; sourceTree = "<group>"; };
		4F2E810523D78F2800F77816 /* SceneDelegate.swift */ = {isa = PBXFileReference; lastKnownFileType = sourcecode.swift; path = SceneDelegate.swift; sourceTree = "<group>"; };
		4F2E810723D78F2800F77816 /* ContentView.swift */ = {isa = PBXFileReference; lastKnownFileType = sourcecode.swift; path = ContentView.swift; sourceTree = "<group>"; };
		4F2E810923D78F2B00F77816 /* Assets.xcassets */ = {isa = PBXFileReference; lastKnownFileType = folder.assetcatalog; path = Assets.xcassets; sourceTree = "<group>"; };
		4F2E810C23D78F2B00F77816 /* Preview Assets.xcassets */ = {isa = PBXFileReference; lastKnownFileType = folder.assetcatalog; path = "Preview Assets.xcassets"; sourceTree = "<group>"; };
		4F2E810F23D78F2B00F77816 /* Base */ = {isa = PBXFileReference; lastKnownFileType = file.storyboard; name = Base; path = Base.lproj/LaunchScreen.storyboard; sourceTree = "<group>"; };
		4F2E811123D78F2B00F77816 /* Info.plist */ = {isa = PBXFileReference; lastKnownFileType = text.plist.xml; path = Info.plist; sourceTree = "<group>"; };
		4F2E811723D795C300F77816 /* CircleImage.swift */ = {isa = PBXFileReference; lastKnownFileType = sourcecode.swift; path = CircleImage.swift; sourceTree = "<group>"; };
		4F61FB3523D7C7C900A3B8F1 /* AppView.swift */ = {isa = PBXFileReference; lastKnownFileType = sourcecode.swift; path = AppView.swift; sourceTree = "<group>"; };
		4F61FB3723D7CA7200A3B8F1 /* QAView.swift */ = {isa = PBXFileReference; lastKnownFileType = sourcecode.swift; path = QAView.swift; sourceTree = "<group>"; };
/* End PBXFileReference section */

/* Begin PBXFrameworksBuildPhase section */
		4F2E80FD23D78F2800F77816 /* Frameworks */ = {
			isa = PBXFrameworksBuildPhase;
			buildActionMask = 2147483647;
			files = (
			);
			runOnlyForDeploymentPostprocessing = 0;
		};
/* End PBXFrameworksBuildPhase section */

/* Begin PBXGroup section */
		4F2E80F723D78F2800F77816 = {
			isa = PBXGroup;
			children = (
				4F2E810223D78F2800F77816 /* AhmetKose */,
				4F2E810123D78F2800F77816 /* Products */,
			);
			sourceTree = "<group>";
		};
		4F2E810123D78F2800F77816 /* Products */ = {
			isa = PBXGroup;
			children = (
				4F2E810023D78F2800F77816 /* AhmetKose.app */,
			);
			name = Products;
			sourceTree = "<group>";
		};
		4F2E810223D78F2800F77816 /* AhmetKose */ = {
			isa = PBXGroup;
			children = (
				4F2E810323D78F2800F77816 /* AppDelegate.swift */,
				4F61FB3523D7C7C900A3B8F1 /* AppView.swift */,
				4F2E810523D78F2800F77816 /* SceneDelegate.swift */,
				4F2E810723D78F2800F77816 /* ContentView.swift */,
				4F2E811723D795C300F77816 /* CircleImage.swift */,
				4F61FB3723D7CA7200A3B8F1 /* QAView.swift */,
				4F2E810923D78F2B00F77816 /* Assets.xcassets */,
				4F2E810E23D78F2B00F77816 /* LaunchScreen.storyboard */,
				4F2E811123D78F2B00F77816 /* Info.plist */,
				4F2CD37523D79CC400FCD412 /* MapView.swift */,
				4F2E810B23D78F2B00F77816 /* Preview Content */,
			);
			path = AhmetKose;
			sourceTree = "<group>";
		};
		4F2E810B23D78F2B00F77816 /* Preview Content */ = {
			isa = PBXGroup;
			children = (
				4F2E810C23D78F2B00F77816 /* Preview Assets.xcassets */,
			);
			path = "Preview Content";
			sourceTree = "<group>";
		};
/* End PBXGroup section */

/* Begin PBXNativeTarget section */
		4F2E80FF23D78F2800F77816 /* AhmetKose */ = {
			isa = PBXNativeTarget;
			buildConfigurationList = 4F2E811423D78F2B00F77816 /* Build configuration list for PBXNativeTarget "AhmetKose" */;
			buildPhases = (
				4F2E80FC23D78F2800F77816 /* Sources */,
				4F2E80FD23D78F2800F77816 /* Frameworks */,
				4F2E80FE23D78F2800F77816 /* Resources */,
			);
			buildRules = (
			);
			dependencies = (
			);
			name = AhmetKose;
			productName = AhmetKose;
			productReference = 4F2E810023D78F2800F77816 /* AhmetKose.app */;
			productType = "com.apple.product-type.application";
		};
/* End PBXNativeTarget section */

/* Begin PBXProject section */
		4F2E80F823D78F2800F77816 /* Project object */ = {
			isa = PBXProject;
			attributes = {
				LastSwiftUpdateCheck = 1130;
				LastUpgradeCheck = 1130;
				ORGANIZATIONNAME = slymind;
				TargetAttributes = {
					4F2E80FF23D78F2800F77816 = {
						CreatedOnToolsVersion = 11.3.1;
					};
				};
			};
			buildConfigurationList = 4F2E80FB23D78F2800F77816 /* Build configuration list for PBXProject "AhmetKose" */;
			compatibilityVersion = "Xcode 9.3";
			developmentRegion = en;
			hasScannedForEncodings = 0;
			knownRegions = (
				en,
				Base,
			);
			mainGroup = 4F2E80F723D78F2800F77816;
			productRefGroup = 4F2E810123D78F2800F77816 /* Products */;
			projectDirPath = "";
			projectRoot = "";
			targets = (
				4F2E80FF23D78F2800F77816 /* AhmetKose */,
			);
		};
/* End PBXProject section */

/* Begin PBXResourcesBuildPhase section */
		4F2E80FE23D78F2800F77816 /* Resources */ = {
			isa = PBXResourcesBuildPhase;
			buildActionMask = 2147483647;
			files = (
				4F2E811023D78F2B00F77816 /* LaunchScreen.storyboard in Resources */,
				4F2E810D23D78F2B00F77816 /* Preview Assets.xcassets in Resources */,
				4F2E810A23D78F2B00F77816 /* Assets.xcassets in Resources */,
			);
			runOnlyForDeploymentPostprocessing = 0;
		};
/* End PBXResourcesBuildPhase section */

/* Begin PBXSourcesBuildPhase section */
		4F2E80FC23D78F2800F77816 /* Sources */ = {
			isa = PBXSourcesBuildPhase;
			buildActionMask = 2147483647;
			files = (
				4F61FB3823D7CA7200A3B8F1 /* QAView.swift in Sources */,
				4F2E810423D78F2800F77816 /* AppDelegate.swift in Sources */,
				4F2E811823D795C300F77816 /* CircleImage.swift in Sources */,
				4F61FB3623D7C7C900A3B8F1 /* AppView.swift in Sources */,
				4F2CD37623D79CC400FCD412 /* MapView.swift in Sources */,
				4F2E810623D78F2800F77816 /* SceneDelegate.swift in Sources */,
				4F2E810823D78F2800F77816 /* ContentView.swift in Sources */,
			);
			runOnlyForDeploymentPostprocessing = 0;
		};
/* End PBXSourcesBuildPhase section */

/* Begin PBXVariantGroup section */
		4F2E810E23D78F2B00F77816 /* LaunchScreen.storyboard */ = {
			isa = PBXVariantGroup;
			children = (
				4F2E810F23D78F2B00F77816 /* Base */,
			);
			name = LaunchScreen.storyboard;
			sourceTree = "<group>";
		};
/* End PBXVariantGroup section */

/* Begin XCBuildConfiguration section */
		4F2E811223D78F2B00F77816 /* Debug */ = {
			isa = XCBuildConfiguration;
			buildSettings = {
				ALWAYS_SEARCH_USER_PATHS = NO;
				CLANG_ANALYZER_NONNULL = YES;
				CLANG_ANALYZER_NUMBER_OBJECT_CONVERSION = YES_AGGRESSIVE;
				CLANG_CXX_LANGUAGE_STANDARD = "gnu++14";
				CLANG_CXX_LIBRARY = "libc++";
				CLANG_ENABLE_MODULES = YES;
				CLANG_ENABLE_OBJC_ARC = YES;
				CLANG_ENABLE_OBJC_WEAK = YES;
				CLANG_WARN_BLOCK_CAPTURE_AUTORELEASING = YES;
				CLANG_WARN_BOOL_CONVERSION = YES;
				CLANG_WARN_COMMA = YES;
				CLANG_WARN_CONSTANT_CONVERSION = YES;
				CLANG_WARN_DEPRECATED_OBJC_IMPLEMENTATIONS = YES;
				CLANG_WARN_DIRECT_OBJC_ISA_USAGE = YES_ERROR;
				CLANG_WARN_DOCUMENTATION_COMMENTS = YES;
				CLANG_WARN_EMPTY_BODY = YES;
				CLANG_WARN_ENUM_CONVERSION = YES;
				CLANG_WARN_INFINITE_RECURSION = YES;
				CLANG_WARN_INT_CONVERSION = YES;
				CLANG_WARN_NON_LITERAL_NULL_CONVERSION = YES;
				CLANG_WARN_OBJC_IMPLICIT_RETAIN_SELF = YES;
				CLANG_WARN_OBJC_LITERAL_CONVERSION = YES;
				CLANG_WARN_OBJC_ROOT_CLASS = YES_ERROR;
				CLANG_WARN_RANGE_LOOP_ANALYSIS = YES;
				CLANG_WARN_STRICT_PROTOTYPES = YES;
				CLANG_WARN_SUSPICIOUS_MOVE = YES;
				CLANG_WARN_UNGUARDED_AVAILABILITY = YES_AGGRESSIVE;
				CLANG_WARN_UNREACHABLE_CODE = YES;
				CLANG_WARN__DUPLICATE_METHOD_MATCH = YES;
				COPY_PHASE_STRIP = NO;
				DEBUG_INFORMATION_FORMAT = dwarf;
				ENABLE_STRICT_OBJC_MSGSEND = YES;
				ENABLE_TESTABILITY = YES;
				GCC_C_LANGUAGE_STANDARD = gnu11;
				GCC_DYNAMIC_NO_PIC = NO;
				GCC_NO_COMMON_BLOCKS = YES;
				GCC_OPTIMIZATION_LEVEL = 0;
				GCC_PREPROCESSOR_DEFINITIONS = (
					"DEBUG=1",
					"$(inherited)",
				);
				GCC_WARN_64_TO_32_BIT_CONVERSION = YES;
				GCC_WARN_ABOUT_RETURN_TYPE = YES_ERROR;
				GCC_WARN_UNDECLARED_SELECTOR = YES;
				GCC_WARN_UNINITIALIZED_AUTOS = YES_AGGRESSIVE;
				GCC_WARN_UNUSED_FUNCTION = YES;
				GCC_WARN_UNUSED_VARIABLE = YES;
				IPHONEOS_DEPLOYMENT_TARGET = 13.2;
				MTL_ENABLE_DEBUG_INFO = INCLUDE_SOURCE;
				MTL_FAST_MATH = YES;
				ONLY_ACTIVE_ARCH = YES;
				SDKROOT = iphoneos;
				SWIFT_ACTIVE_COMPILATION_CONDITIONS = DEBUG;
				SWIFT_OPTIMIZATION_LEVEL = "-Onone";
			};
			name = Debug;
		};
		4F2E811323D78F2B00F77816 /* Release */ = {
			isa = XCBuildConfiguration;
			buildSettings = {
				ALWAYS_SEARCH_USER_PATHS = NO;
				CLANG_ANALYZER_NONNULL = YES;
				CLANG_ANALYZER_NUMBER_OBJECT_CONVERSION = YES_AGGRESSIVE;
				CLANG_CXX_LANGUAGE_STANDARD = "gnu++14";
				CLANG_CXX_LIBRARY = "libc++";
				CLANG_ENABLE_MODULES = YES;
				CLANG_ENABLE_OBJC_ARC = YES;
				CLANG_ENABLE_OBJC_WEAK = YES;
				CLANG_WARN_BLOCK_CAPTURE_AUTORELEASING = YES;
				CLANG_WARN_BOOL_CONVERSION = YES;
				CLANG_WARN_COMMA = YES;
				CLANG_WARN_CONSTANT_CONVERSION = YES;
				CLANG_WARN_DEPRECATED_OBJC_IMPLEMENTATIONS = YES;
				CLANG_WARN_DIRECT_OBJC_ISA_USAGE = YES_ERROR;
				CLANG_WARN_DOCUMENTATION_COMMENTS = YES;
				CLANG_WARN_EMPTY_BODY = YES;
				CLANG_WARN_ENUM_CONVERSION = YES;
				CLANG_WARN_INFINITE_RECURSION = YES;
				CLANG_WARN_INT_CONVERSION = YES;
				CLANG_WARN_NON_LITERAL_NULL_CONVERSION = YES;
				CLANG_WARN_OBJC_IMPLICIT_RETAIN_SELF = YES;
				CLANG_WARN_OBJC_LITERAL_CONVERSION = YES;
				CLANG_WARN_OBJC_ROOT_CLASS = YES_ERROR;
				CLANG_WARN_RANGE_LOOP_ANALYSIS = YES;
				CLANG_WARN_STRICT_PROTOTYPES = YES;
				CLANG_WARN_SUSPICIOUS_MOVE = YES;
				CLANG_WARN_UNGUARDED_AVAILABILITY = YES_AGGRESSIVE;
				CLANG_WARN_UNREACHABLE_CODE = YES;
				CLANG_WARN__DUPLICATE_METHOD_MATCH = YES;
				COPY_PHASE_STRIP = NO;
				DEBUG_INFORMATION_FORMAT = "dwarf-with-dsym";
				ENABLE_NS_ASSERTIONS = NO;
				ENABLE_STRICT_OBJC_MSGSEND = YES;
				GCC_C_LANGUAGE_STANDARD = gnu11;
				GCC_NO_COMMON_BLOCKS = YES;
				GCC_WARN_64_TO_32_BIT_CONVERSION = YES;
				GCC_WARN_ABOUT_RETURN_TYPE = YES_ERROR;
				GCC_WARN_UNDECLARED_SELECTOR = YES;
				GCC_WARN_UNINITIALIZED_AUTOS = YES_AGGRESSIVE;
				GCC_WARN_UNUSED_FUNCTION = YES;
				GCC_WARN_UNUSED_VARIABLE = YES;
				IPHONEOS_DEPLOYMENT_TARGET = 13.2;
				MTL_ENABLE_DEBUG_INFO = NO;
				MTL_FAST_MATH = YES;
				SDKROOT = iphoneos;
				SWIFT_COMPILATION_MODE = wholemodule;
				SWIFT_OPTIMIZATION_LEVEL = "-O";
				VALIDATE_PRODUCT = YES;
			};
			name = Release;
		};
		4F2E811523D78F2B00F77816 /* Debug */ = {
			isa = XCBuildConfiguration;
			buildSettings = {
				ASSETCATALOG_COMPILER_APPICON_NAME = AppIcon;
				CODE_SIGN_STYLE = Automatic;
				DEVELOPMENT_ASSET_PATHS = "\"AhmetKose/Preview Content\"";
				ENABLE_PREVIEWS = YES;
				INFOPLIST_FILE = AhmetKose/Info.plist;
				LD_RUNPATH_SEARCH_PATHS = (
					"$(inherited)",
					"@executable_path/Frameworks",
				);
				PRODUCT_BUNDLE_IDENTIFIER = com.ilterkose.AhmetKose;
				PRODUCT_NAME = "$(TARGET_NAME)";
				SWIFT_VERSION = 5.0;
				TARGETED_DEVICE_FAMILY = "1,2";
			};
			name = Debug;
		};
		4F2E811623D78F2B00F77816 /* Release */ = {
			isa = XCBuildConfiguration;
			buildSettings = {
				ASSETCATALOG_COMPILER_APPICON_NAME = AppIcon;
				CODE_SIGN_STYLE = Automatic;
				DEVELOPMENT_ASSET_PATHS = "\"AhmetKose/Preview Content\"";
				ENABLE_PREVIEWS = YES;
				INFOPLIST_FILE = AhmetKose/Info.plist;
				LD_RUNPATH_SEARCH_PATHS = (
					"$(inherited)",
					"@executable_path/Frameworks",
				);
				PRODUCT_BUNDLE_IDENTIFIER = com.ilterkose.AhmetKose;
				PRODUCT_NAME = "$(TARGET_NAME)";
				SWIFT_VERSION = 5.0;
				TARGETED_DEVICE_FAMILY = "1,2";
			};
			name = Release;
		};
/* End XCBuildConfiguration section */

/* Begin XCConfigurationList section */
		4F2E80FB23D78F2800F77816 /* Build configuration list for PBXProject "AhmetKose" */ = {
			isa = XCConfigurationList;
			buildConfigurations = (
				4F2E811223D78F2B00F77816 /* Debug */,
				4F2E811323D78F2B00F77816 /* Release */,
			);
			defaultConfigurationIsVisible = 0;
			defaultConfigurationName = Release;
		};
		4F2E811423D78F2B00F77816 /* Build configuration list for PBXNativeTarget "AhmetKose" */ = {
			isa = XCConfigurationList;
			buildConfigurations = (
				4F2E811523D78F2B00F77816 /* Debug */,
				4F2E811623D78F2B00F77816 /* Release */,
			);
			defaultConfigurationIsVisible = 0;
			defaultConfigurationName = Release;
		};
/* End XCConfigurationList section */
	};
	rootObject = 4F2E80F823D78F2800F77816 /* Project object */;
}
